
Microsoft Visual Studio Solution File, Format Version 12.00
# Visual Studio 15
VisualStudioVersion = 15.0.28010.2050
MinimumVisualStudioVersion = 10.0.40219.1
Project("{8BC9CEB8-8B4A-11D0-8D11-00A0C91BC942}") = "jbig2-decoder", "jbig2-decoder\jbig2-decoder.vcxproj", "{EAE52FCC-785D-4BF4-B6C1-2A75DF0E2E86}"
EndProject
Global
	GlobalSection(SolutionConfigurationPlatforms) = preSolution
		Debug|x64 = Debug|x64
		Debug|x86 = Debug|x86
		Release|x64 = Release|x64
		Release|x86 = Release|x86
	EndGlobalSection
	GlobalSection(ProjectConfigurationPlatforms) = postSolution
		{EAE52FCC-785D-4BF4-B6C1-2A75DF0E2E86}.Debug|x64.ActiveCfg = Debug|x64
		{EAE52FCC-785D-4BF4-B6C1-2A75DF0E2E86}.Debug|x64.Build.0 = Debug|x64
		{EAE52FCC-785D-4BF4-B6C1-2A75DF0E2E86}.Debug|x86.ActiveCfg = Debug|Win32
		{EAE52FCC-785D-4BF4-B6C1-2A75DF0E2E86}.Debug|x86.Build.0 = Debug|Win32
		{EAE52FCC-785D-4BF4-B6C1-2A75DF0E2E86}.Release|x64.ActiveCfg = Release|x64
		{EAE52FCC-785D-4BF4-B6C1-2A75DF0E2E86}.Release|x64.Build.0 = Release|x64
		{EAE52FCC-785D-4BF4-B6C1-2A75DF0E2E86}.Release|x86.ActiveCfg = Release|Win32
		{EAE52FCC-785D-4BF4-B6C1-2A75DF0E2E86}.Release|x86.Build.0 = Release|Win32
	EndGlobalSection
	GlobalSection(SolutionProperties) = preSolution
		HideSolutionNode = FALSE
	EndGlobalSection
	GlobalSection(ExtensibilityGlobals) = postSolution
		SolutionGuid = {E05B4B38-C13B-4906-BCBE-0E6122264F38}
	EndGlobalSection
EndGlobal
